
Microsoft Visual Studio Solution File, Format Version 12.00
# Visual Studio Version 17
VisualStudioVersion = 17.6.33829.357
MinimumVisualStudioVersion = 10.0.40219.1
Project("{9A19103F-16F7-4668-BE54-9A1E7A4F7556}") = "VodLibApi", "VodLibApi\VodLibApi.csproj", "{A17B22ED-EB4B-4F48-9735-AE9EAE81344C}"
EndProject
Project("{9A19103F-16F7-4668-BE54-9A1E7A4F7556}") = "VodLibCore", "VodLibCore\VodLibCore.csproj", "{143F18F2-D1BF-4D49-9801-DBEF0C5C20D8}"
EndProject
Project("{9A19103F-16F7-4668-BE54-9A1E7A4F7556}") = "ConsoleApp1", "ConsoleApp1\ConsoleApp1.csproj", "{78E29710-9524-45B4-9172-F918910380B4}"
EndProject
Project("{9A19103F-16F7-4668-BE54-9A1E7A4F7556}") = "FFmpegMicroService", "FFmpegMicroService\FFmpegMicroService.csproj", "{8229FF57-86B2-4206-9154-168492AA29CA}"
EndProject
Project("{9A19103F-16F7-4668-BE54-9A1E7A4F7556}") = "Utils", "Utils\Utils.csproj", "{EB88E881-1273-49A7-8EFF-6D59B16D3E1E}"
EndProject
Project("{00D1A9C2-B5F0-4AF3-8072-F6C62B433612}") = "VodLibSql", "VodLibSql\VodLibSql.sqlproj", "{C0A8A9A5-DEA8-4030-BE83-25CA0C44F022}"
EndProject
Project("{2150E333-8FDC-42A3-9474-1A3956D46DE8}") = "Solution Items", "Solution Items", "{0A73DC9A-1D0D-4AB5-B510-18A1C4E0979A}"
	ProjectSection(SolutionItems) = preProject
		.editorconfig = .editorconfig
	EndProjectSection
EndProject
Project("{FAE04EC0-301F-11D3-BF4B-00C04F79EFBC}") = "SharedDtos", "SharedDtos\SharedDtos.csproj", "{3270F4DE-C15A-47BB-BC41-BAC9835A1B99}"
EndProject
Global
	GlobalSection(SolutionConfigurationPlatforms) = preSolution
		Debug|Any CPU = Debug|Any CPU
		Release|Any CPU = Release|Any CPU
	EndGlobalSection
	GlobalSection(ProjectConfigurationPlatforms) = postSolution
		{A17B22ED-EB4B-4F48-9735-AE9EAE81344C}.Debug|Any CPU.ActiveCfg = Debug|Any CPU
		{A17B22ED-EB4B-4F48-9735-AE9EAE81344C}.Debug|Any CPU.Build.0 = Debug|Any CPU
		{A17B22ED-EB4B-4F48-9735-AE9EAE81344C}.Release|Any CPU.ActiveCfg = Release|Any CPU
		{A17B22ED-EB4B-4F48-9735-AE9EAE81344C}.Release|Any CPU.Build.0 = Release|Any CPU
		{143F18F2-D1BF-4D49-9801-DBEF0C5C20D8}.Debug|Any CPU.ActiveCfg = Debug|Any CPU
		{143F18F2-D1BF-4D49-9801-DBEF0C5C20D8}.Debug|Any CPU.Build.0 = Debug|Any CPU
		{143F18F2-D1BF-4D49-9801-DBEF0C5C20D8}.Release|Any CPU.ActiveCfg = Release|Any CPU
		{143F18F2-D1BF-4D49-9801-DBEF0C5C20D8}.Release|Any CPU.Build.0 = Release|Any CPU
		{78E29710-9524-45B4-9172-F918910380B4}.Debug|Any CPU.ActiveCfg = Debug|Any CPU
		{78E29710-9524-45B4-9172-F918910380B4}.Debug|Any CPU.Build.0 = Debug|Any CPU
		{78E29710-9524-45B4-9172-F918910380B4}.Release|Any CPU.ActiveCfg = Release|Any CPU
		{78E29710-9524-45B4-9172-F918910380B4}.Release|Any CPU.Build.0 = Release|Any CPU
		{8229FF57-86B2-4206-9154-168492AA29CA}.Debug|Any CPU.ActiveCfg = Debug|Any CPU
		{8229FF57-86B2-4206-9154-168492AA29CA}.Debug|Any CPU.Build.0 = Debug|Any CPU
		{8229FF57-86B2-4206-9154-168492AA29CA}.Release|Any CPU.ActiveCfg = Release|Any CPU
		{8229FF57-86B2-4206-9154-168492AA29CA}.Release|Any CPU.Build.0 = Release|Any CPU
		{EB88E881-1273-49A7-8EFF-6D59B16D3E1E}.Debug|Any CPU.ActiveCfg = Debug|Any CPU
		{EB88E881-1273-49A7-8EFF-6D59B16D3E1E}.Debug|Any CPU.Build.0 = Debug|Any CPU
		{EB88E881-1273-49A7-8EFF-6D59B16D3E1E}.Release|Any CPU.ActiveCfg = Release|Any CPU
		{EB88E881-1273-49A7-8EFF-6D59B16D3E1E}.Release|Any CPU.Build.0 = Release|Any CPU
		{C0A8A9A5-DEA8-4030-BE83-25CA0C44F022}.Debug|Any CPU.ActiveCfg = Debug|Any CPU
		{C0A8A9A5-DEA8-4030-BE83-25CA0C44F022}.Debug|Any CPU.Build.0 = Debug|Any CPU
		{C0A8A9A5-DEA8-4030-BE83-25CA0C44F022}.Debug|Any CPU.Deploy.0 = Debug|Any CPU
		{C0A8A9A5-DEA8-4030-BE83-25CA0C44F022}.Release|Any CPU.ActiveCfg = Release|Any CPU
		{C0A8A9A5-DEA8-4030-BE83-25CA0C44F022}.Release|Any CPU.Build.0 = Release|Any CPU
		{C0A8A9A5-DEA8-4030-BE83-25CA0C44F022}.Release|Any CPU.Deploy.0 = Release|Any CPU
		{3270F4DE-C15A-47BB-BC41-BAC9835A1B99}.Debug|Any CPU.ActiveCfg = Debug|Any CPU
		{3270F4DE-C15A-47BB-BC41-BAC9835A1B99}.Debug|Any CPU.Build.0 = Debug|Any CPU
		{3270F4DE-C15A-47BB-BC41-BAC9835A1B99}.Release|Any CPU.ActiveCfg = Release|Any CPU
		{3270F4DE-C15A-47BB-BC41-BAC9835A1B99}.Release|Any CPU.Build.0 = Release|Any CPU
	EndGlobalSection
	GlobalSection(SolutionProperties) = preSolution
		HideSolutionNode = FALSE
	EndGlobalSection
	GlobalSection(ExtensibilityGlobals) = postSolution
		SolutionGuid = {BE235E0C-BFDA-4B09-B64A-CFF24724895E}
	EndGlobalSection
EndGlobal
